
Microsoft Visual Studio Solution File, Format Version 12.00
# Visual Studio Version 16
VisualStudioVersion = 16.0.31313.79
MinimumVisualStudioVersion = 10.0.40219.1
Project("{FAE04EC0-301F-11D3-BF4B-00C04F79EFBC}") = "SMTPClient", "SMTPClient\SMTPClient.csproj", "{1BD6141A-70F5-4552-9125-E483679E2C13}"
EndProject
Global
	GlobalSection(SolutionConfigurationPlatforms) = preSolution
		Debug|Any CPU = Debug|Any CPU
		Release|Any CPU = Release|Any CPU
	EndGlobalSection
	GlobalSection(ProjectConfigurationPlatforms) = postSolution
		{1BD6141A-70F5-4552-9125-E483679E2C13}.Debug|Any CPU.ActiveCfg = Debug|Any CPU
		{1BD6141A-70F5-4552-9125-E483679E2C13}.Debug|Any CPU.Build.0 = Debug|Any CPU
		{1BD6141A-70F5-4552-9125-E483679E2C13}.Release|Any CPU.ActiveCfg = Release|Any CPU
		{1BD6141A-70F5-4552-9125-E483679E2C13}.Release|Any CPU.Build.0 = Release|Any CPU
	EndGlobalSection
	GlobalSection(SolutionProperties) = preSolution
		HideSolutionNode = FALSE
	EndGlobalSection
	GlobalSection(ExtensibilityGlobals) = postSolution
		SolutionGuid = {671966DB-3B6C-482A-ADA5-975D9E7A07B9}
	EndGlobalSection
EndGlobal
